
Microsoft Visual Studio Solution File, Format Version 12.00
# Visual Studio 14
VisualStudioVersion = 14.0.25123.0
MinimumVisualStudioVersion = 10.0.40219.1
Project("{FAE04EC0-301F-11D3-BF4B-00C04F79EFBC}") = "Revision3", "Revision3\Revision3.csproj", "{16522A62-223D-46F6-A09C-36FC8AFF7DB0}"
EndProject
Project("{FAE04EC0-301F-11D3-BF4B-00C04F79EFBC}") = "saturday", "saturday\saturday.csproj", "{30A4E443-572E-4B22-8FC8-088E207778E5}"
EndProject
Global
	GlobalSection(SolutionConfigurationPlatforms) = preSolution
		Debug|Any CPU = Debug|Any CPU
		Release|Any CPU = Release|Any CPU
	EndGlobalSection
	GlobalSection(ProjectConfigurationPlatforms) = postSolution
		{16522A62-223D-46F6-A09C-36FC8AFF7DB0}.Debug|Any CPU.ActiveCfg = Debug|Any CPU
		{16522A62-223D-46F6-A09C-36FC8AFF7DB0}.Debug|Any CPU.Build.0 = Debug|Any CPU
		{16522A62-223D-46F6-A09C-36FC8AFF7DB0}.Release|Any CPU.ActiveCfg = Release|Any CPU
		{16522A62-223D-46F6-A09C-36FC8AFF7DB0}.Release|Any CPU.Build.0 = Release|Any CPU
		{30A4E443-572E-4B22-8FC8-088E207778E5}.Debug|Any CPU.ActiveCfg = Debug|Any CPU
		{30A4E443-572E-4B22-8FC8-088E207778E5}.Debug|Any CPU.Build.0 = Debug|Any CPU
		{30A4E443-572E-4B22-8FC8-088E207778E5}.Release|Any CPU.ActiveCfg = Release|Any CPU
		{30A4E443-572E-4B22-8FC8-088E207778E5}.Release|Any CPU.Build.0 = Release|Any CPU
	EndGlobalSection
	GlobalSection(SolutionProperties) = preSolution
		HideSolutionNode = FALSE
	EndGlobalSection
EndGlobal
