
Microsoft Visual Studio Solution File, Format Version 12.00
# Visual Studio 14
VisualStudioVersion = 14.0.25123.0
MinimumVisualStudioVersion = 10.0.40219.1
Project("{FAE04EC0-301F-11D3-BF4B-00C04F79EFBC}") = "fishSharp", "fishSharp\fishSharp.csproj", "{6F2F2EA7-55B3-459A-8ECA-E3B6152451CA}"
EndProject
Global
	GlobalSection(SolutionConfigurationPlatforms) = preSolution
		Debug|Any CPU = Debug|Any CPU
		Release|Any CPU = Release|Any CPU
	EndGlobalSection
	GlobalSection(ProjectConfigurationPlatforms) = postSolution
		{6F2F2EA7-55B3-459A-8ECA-E3B6152451CA}.Debug|Any CPU.ActiveCfg = Debug|Any CPU
		{6F2F2EA7-55B3-459A-8ECA-E3B6152451CA}.Debug|Any CPU.Build.0 = Debug|Any CPU
		{6F2F2EA7-55B3-459A-8ECA-E3B6152451CA}.Release|Any CPU.ActiveCfg = Release|Any CPU
		{6F2F2EA7-55B3-459A-8ECA-E3B6152451CA}.Release|Any CPU.Build.0 = Release|Any CPU
	EndGlobalSection
	GlobalSection(SolutionProperties) = preSolution
		HideSolutionNode = FALSE
	EndGlobalSection
EndGlobal
