
Microsoft Visual Studio Solution File, Format Version 12.00
# Visual Studio 14
VisualStudioVersion = 14.0.25123.0
MinimumVisualStudioVersion = 10.0.40219.1
Project("{FAE04EC0-301F-11D3-BF4B-00C04F79EFBC}") = "inhritance", "inhritance\inhritance.csproj", "{B0C4E29A-1060-40D3-B708-19C1AF6EB13E}"
EndProject
Global
	GlobalSection(SolutionConfigurationPlatforms) = preSolution
		Debug|Any CPU = Debug|Any CPU
		Release|Any CPU = Release|Any CPU
	EndGlobalSection
	GlobalSection(ProjectConfigurationPlatforms) = postSolution
		{B0C4E29A-1060-40D3-B708-19C1AF6EB13E}.Debug|Any CPU.ActiveCfg = Debug|Any CPU
		{B0C4E29A-1060-40D3-B708-19C1AF6EB13E}.Debug|Any CPU.Build.0 = Debug|Any CPU
		{B0C4E29A-1060-40D3-B708-19C1AF6EB13E}.Release|Any CPU.ActiveCfg = Release|Any CPU
		{B0C4E29A-1060-40D3-B708-19C1AF6EB13E}.Release|Any CPU.Build.0 = Release|Any CPU
	EndGlobalSection
	GlobalSection(SolutionProperties) = preSolution
		HideSolutionNode = FALSE
	EndGlobalSection
EndGlobal
